schema: '2.0'
stages:
  data_ingestion:
    cmd: python3 src/data_ingestion.py
    deps:
    - path: src/data_ingestion.py
      hash: md5
      md5: 82d3686cc33b36995ead300c86d1c808
      size: 3537
    params:
      params.yaml:
        data_ingestion.test_size: 0.13
    outs:
    - path: data/raw
      hash: md5
      md5: c28d69c56dd0e447c2348eccb799b00a.dir
      size: 479272
      nfiles: 2
  data_preprocessing:
    cmd: python3 src/data_preprocessing.py
    deps:
    - path: data/raw
      hash: md5
      md5: c28d69c56dd0e447c2348eccb799b00a.dir
      size: 479272
      nfiles: 2
    - path: src/data_preprocessing.py
      hash: md5
      md5: 1834c7ca92da09bfc8af9ae87e0d9848
      size: 3891
    outs:
    - path: data/interim
      hash: md5
      md5: 4f7ab8970884c426642956701ffbabca.dir
      size: 253413
      nfiles: 2
  feature_engineering:
    cmd: python3 src/feature_engineering.py
    deps:
    - path: data/interim
      hash: md5
      md5: 4f7ab8970884c426642956701ffbabca.dir
      size: 253413
      nfiles: 2
    - path: src/feature_engineering.py
      hash: md5
      md5: 4a13ddfdb0e368c7069eabe32de711a5
      size: 3797
    params:
      params.yaml:
        feature_engineering.max_features: 33
    outs:
    - path: data/processed
      hash: md5
      md5: fb2c10f1d25337fb0306f91d36780b87.dir
      size: 780606
      nfiles: 2
  model_building:
    cmd: python3 src/model_training.py
    deps:
    - path: data/processed
      hash: md5
      md5: fb2c10f1d25337fb0306f91d36780b87.dir
      size: 780606
      nfiles: 2
    - path: src/model_training.py
      hash: md5
      md5: e1b9e13459def91e00af3be2748ab427
      size: 4361
    params:
      params.yaml:
        model_building.n_estimators: 25
        model_building.random_state: 2
    outs:
    - path: models/model.pkl
      hash: md5
      md5: 53f74a36242690f6afa64d4d1401d75b
      size: 851768
  model_evaluation:
    cmd: python3 src/model_evaluation.py
    deps:
    - path: models/model.pkl
      hash: md5
      md5: 53f74a36242690f6afa64d4d1401d75b
      size: 851768
    - path: src/model_evaluation.py
      hash: md5
      md5: 30f39d2db3c4bc00ec92ff768b703732
      size: 4612
    outs:
    - path: reports/metrics.json
      hash: md5
      md5: ca23a54e58dc9726c8c6a0b94b2b813a
      size: 140
